
Microsoft Visual Studio Solution File, Format Version 12.00
# Visual Studio Version 17
VisualStudioVersion = 17.5.33516.290
MinimumVisualStudioVersion = 10.0.40219.1
Project("{9A19103F-16F7-4668-BE54-9A1E7A4F7556}") = "TTT_Game_Ubeydullah_Karatas", "TTT_Game_Ubeydullah_Karatas.csproj", "{F31E0D8C-B890-4C28-A724-B03604C5B5A2}"
EndProject
Global
	GlobalSection(SolutionConfigurationPlatforms) = preSolution
		Debug|Any CPU = Debug|Any CPU
		Release|Any CPU = Release|Any CPU
	EndGlobalSection
	GlobalSection(ProjectConfigurationPlatforms) = postSolution
		{F31E0D8C-B890-4C28-A724-B03604C5B5A2}.Debug|Any CPU.ActiveCfg = Debug|Any CPU
		{F31E0D8C-B890-4C28-A724-B03604C5B5A2}.Debug|Any CPU.Build.0 = Debug|Any CPU
		{F31E0D8C-B890-4C28-A724-B03604C5B5A2}.Release|Any CPU.ActiveCfg = Release|Any CPU
		{F31E0D8C-B890-4C28-A724-B03604C5B5A2}.Release|Any CPU.Build.0 = Release|Any CPU
	EndGlobalSection
	GlobalSection(SolutionProperties) = preSolution
		HideSolutionNode = FALSE
	EndGlobalSection
	GlobalSection(ExtensibilityGlobals) = postSolution
		SolutionGuid = {7F403D2C-8DE1-4462-A6A0-A6DD76D97F98}
	EndGlobalSection
EndGlobal
